// !$*UTF8*$!
{
	archiveVersion = 1;
	classes = {
	};
	objectVersion = 51;
	objects = {

/* Begin PBXBuildFile section */
		093B7A6275F9441D06EAE1D7 /* Pods_Gifly.framework in Frameworks */ = {isa = PBXBuildFile; fileRef = A2449E201A986C847AEBD921 /* Pods_Gifly.framework */; };
		099423335B5EDE110941019E /* Pods_Gifly_GiflyUITests.framework in Frameworks */ = {isa = PBXBuildFile; fileRef = 7DE22601A72122420546FB8A /* Pods_Gifly_GiflyUITests.framework */; };
		248AD90B7D851544B28ECFA0 /* Pods_GiflyTests.framework in Frameworks */ = {isa = PBXBuildFile; fileRef = AF0661279649877CE8525702 /* Pods_GiflyTests.framework */; };
		A2693605258B39FF002DECA2 /* EditView.swift in Sources */ = {isa = PBXBuildFile; fileRef = A2693604258B39FF002DECA2 /* EditView.swift */; };
		A2693616258B4B74002DECA2 /* NavigationTrailling.swift in Sources */ = {isa = PBXBuildFile; fileRef = A2693615258B4B74002DECA2 /* NavigationTrailling.swift */; };
		A2693626258B7A39002DECA2 /* ImageHelper.swift in Sources */ = {isa = PBXBuildFile; fileRef = A2693625258B7A39002DECA2 /* ImageHelper.swift */; };
		A2A6C04E258B84E000DE1273 /* ImageAnimated.swift in Sources */ = {isa = PBXBuildFile; fileRef = A2A6C04D258B84E000DE1273 /* ImageAnimated.swift */; };
		A2C70880258C946200121A3D /* Constants.swift in Sources */ = {isa = PBXBuildFile; fileRef = A2C7087F258C946200121A3D /* Constants.swift */; };
		A2C7088E258CD7C200121A3D /* BtnFPS.swift in Sources */ = {isa = PBXBuildFile; fileRef = A2C7088D258CD7C200121A3D /* BtnFPS.swift */; };
		A2C70893258CE27B00121A3D /* Parameter.swift in Sources */ = {isa = PBXBuildFile; fileRef = A2C70892258CE27B00121A3D /* Parameter.swift */; };
		A2C70898258D061000121A3D /* VideoHelper.swift in Sources */ = {isa = PBXBuildFile; fileRef = A2C70897258D061000121A3D /* VideoHelper.swift */; };
		A2C708A4258DFD5A00121A3D /* BtnCategory.swift in Sources */ = {isa = PBXBuildFile; fileRef = A2C708A3258DFD5A00121A3D /* BtnCategory.swift */; };
		A2C708A9258E12F700121A3D /* GifHelper.swift in Sources */ = {isa = PBXBuildFile; fileRef = A2C708A8258E12F700121A3D /* GifHelper.swift */; };
		A2C708AE258E139F00121A3D /* Helper.swift in Sources */ = {isa = PBXBuildFile; fileRef = A2C708AD258E139F00121A3D /* Helper.swift */; };
		A2C708B3258E13C000121A3D /* LivephotoHelper.swift in Sources */ = {isa = PBXBuildFile; fileRef = A2C708B2258E13C000121A3D /* LivephotoHelper.swift */; };
		A2C708D1258E452B00121A3D /* Categories.swift in Sources */ = {isa = PBXBuildFile; fileRef = A2C708D0258E452B00121A3D /* Categories.swift */; };
		A2C708D7258E5CE300121A3D /* Handles.swift in Sources */ = {isa = PBXBuildFile; fileRef = A2C708D6258E5CE300121A3D /* Handles.swift */; };
		A2E25D2F2589322600015420 /* GiflyApp.swift in Sources */ = {isa = PBXBuildFile; fileRef = A2E25D2E2589322600015420 /* GiflyApp.swift */; };
		A2E25D332589322800015420 /* Assets.xcassets in Resources */ = {isa = PBXBuildFile; fileRef = A2E25D322589322800015420 /* Assets.xcassets */; };
		A2E25D362589322800015420 /* Preview Assets.xcassets in Resources */ = {isa = PBXBuildFile; fileRef = A2E25D352589322800015420 /* Preview Assets.xcassets */; };
		A2E25D412589322800015420 /* GiflyTests.swift in Sources */ = {isa = PBXBuildFile; fileRef = A2E25D402589322800015420 /* GiflyTests.swift */; };
		A2E25D4C2589322800015420 /* GiflyUITests.swift in Sources */ = {isa = PBXBuildFile; fileRef = A2E25D4B2589322800015420 /* GiflyUITests.swift */; };
		A2E25D792589ECB600015420 /* ModelData.swift in Sources */ = {isa = PBXBuildFile; fileRef = A2E25D782589ECB600015420 /* ModelData.swift */; };
		A2E25EA3258A562600015420 /* Entrance.swift in Sources */ = {isa = PBXBuildFile; fileRef = A2E25EA2258A562600015420 /* Entrance.swift */; };
		A2E25EC1258A87B800015420 /* PHPickerView.swift in Sources */ = {isa = PBXBuildFile; fileRef = A2E25EC0258A87B800015420 /* PHPickerView.swift */; };
/* End PBXBuildFile section */

/* Begin PBXContainerItemProxy section */
		A2E25D3D2589322800015420 /* PBXContainerItemProxy */ = {
			isa = PBXContainerItemProxy;
			containerPortal = A2E25D232589322600015420 /* Project object */;
			proxyType = 1;
			remoteGlobalIDString = A2E25D2A2589322600015420;
			remoteInfo = GetGif;
		};
		A2E25D482589322800015420 /* PBXContainerItemProxy */ = {
			isa = PBXContainerItemProxy;
			containerPortal = A2E25D232589322600015420 /* Project object */;
			proxyType = 1;
			remoteGlobalIDString = A2E25D2A2589322600015420;
			remoteInfo = GetGif;
		};
/* End PBXContainerItemProxy section */

/* Begin PBXFileReference section */
		383B197F5C176AAF5F89CC87 /* Pods-Gifly-GiflyUITests.release.xcconfig */ = {isa = PBXFileReference; includeInIndex = 1; lastKnownFileType = text.xcconfig; name = "Pods-Gifly-GiflyUITests.release.xcconfig"; path = "Target Support Files/Pods-Gifly-GiflyUITests/Pods-Gifly-GiflyUITests.release.xcconfig"; sourceTree = "<group>"; };
		568FC947485EC8557EF14D9B /* Pods-GiflyTests.debug.xcconfig */ = {isa = PBXFileReference; includeInIndex = 1; lastKnownFileType = text.xcconfig; name = "Pods-GiflyTests.debug.xcconfig"; path = "Target Support Files/Pods-GiflyTests/Pods-GiflyTests.debug.xcconfig"; sourceTree = "<group>"; };
		7DE22601A72122420546FB8A /* Pods_Gifly_GiflyUITests.framework */ = {isa = PBXFileReference; explicitFileType = wrapper.framework; includeInIndex = 0; path = Pods_Gifly_GiflyUITests.framework; sourceTree = BUILT_PRODUCTS_DIR; };
		89EC7E77168B5B677872E5DA /* Pods-Gifly-GiflyUITests.debug.xcconfig */ = {isa = PBXFileReference; includeInIndex = 1; lastKnownFileType = text.xcconfig; name = "Pods-Gifly-GiflyUITests.debug.xcconfig"; path = "Target Support Files/Pods-Gifly-GiflyUITests/Pods-Gifly-GiflyUITests.debug.xcconfig"; sourceTree = "<group>"; };
		8C2BC8318B7CB3DABFC2DC63 /* Pods-Gifly.debug.xcconfig */ = {isa = PBXFileReference; includeInIndex = 1; lastKnownFileType = text.xcconfig; name = "Pods-Gifly.debug.xcconfig"; path = "Target Support Files/Pods-Gifly/Pods-Gifly.debug.xcconfig"; sourceTree = "<group>"; };
		A2449E201A986C847AEBD921 /* Pods_Gifly.framework */ = {isa = PBXFileReference; explicitFileType = wrapper.framework; includeInIndex = 0; path = Pods_Gifly.framework; sourceTree = BUILT_PRODUCTS_DIR; };
		A2693604258B39FF002DECA2 /* EditView.swift */ = {isa = PBXFileReference; lastKnownFileType = sourcecode.swift; path = EditView.swift; sourceTree = "<group>"; };
		A2693615258B4B74002DECA2 /* NavigationTrailling.swift */ = {isa = PBXFileReference; lastKnownFileType = sourcecode.swift; path = NavigationTrailling.swift; sourceTree = "<group>"; };
		A2693625258B7A39002DECA2 /* ImageHelper.swift */ = {isa = PBXFileReference; lastKnownFileType = sourcecode.swift; path = ImageHelper.swift; sourceTree = "<group>"; };
		A2A6C04D258B84E000DE1273 /* ImageAnimated.swift */ = {isa = PBXFileReference; lastKnownFileType = sourcecode.swift; path = ImageAnimated.swift; sourceTree = "<group>"; };
		A2C7087F258C946200121A3D /* Constants.swift */ = {isa = PBXFileReference; lastKnownFileType = sourcecode.swift; path = Constants.swift; sourceTree = "<group>"; };
		A2C7088D258CD7C200121A3D /* BtnFPS.swift */ = {isa = PBXFileReference; lastKnownFileType = sourcecode.swift; path = BtnFPS.swift; sourceTree = "<group>"; };
		A2C70892258CE27B00121A3D /* Parameter.swift */ = {isa = PBXFileReference; lastKnownFileType = sourcecode.swift; path = Parameter.swift; sourceTree = "<group>"; };
		A2C70897258D061000121A3D /* VideoHelper.swift */ = {isa = PBXFileReference; lastKnownFileType = sourcecode.swift; path = VideoHelper.swift; sourceTree = "<group>"; };
		A2C708A3258DFD5A00121A3D /* BtnCategory.swift */ = {isa = PBXFileReference; lastKnownFileType = sourcecode.swift; path = BtnCategory.swift; sourceTree = "<group>"; };
		A2C708A8258E12F700121A3D /* GifHelper.swift */ = {isa = PBXFileReference; lastKnownFileType = sourcecode.swift; path = GifHelper.swift; sourceTree = "<group>"; };
		A2C708AD258E139F00121A3D /* Helper.swift */ = {isa = PBXFileReference; lastKnownFileType = sourcecode.swift; path = Helper.swift; sourceTree = "<group>"; };
		A2C708B2258E13C000121A3D /* LivephotoHelper.swift */ = {isa = PBXFileReference; lastKnownFileType = sourcecode.swift; path = LivephotoHelper.swift; sourceTree = "<group>"; };
		A2C708D0258E452B00121A3D /* Categories.swift */ = {isa = PBXFileReference; lastKnownFileType = sourcecode.swift; path = Categories.swift; sourceTree = "<group>"; };
		A2C708D6258E5CE300121A3D /* Handles.swift */ = {isa = PBXFileReference; lastKnownFileType = sourcecode.swift; path = Handles.swift; sourceTree = "<group>"; };
		A2E25D2B2589322600015420 /* Gifly.app */ = {isa = PBXFileReference; explicitFileType = wrapper.application; includeInIndex = 0; path = Gifly.app; sourceTree = BUILT_PRODUCTS_DIR; };
		A2E25D2E2589322600015420 /* GiflyApp.swift */ = {isa = PBXFileReference; lastKnownFileType = sourcecode.swift; path = GiflyApp.swift; sourceTree = "<group>"; };
		A2E25D322589322800015420 /* Assets.xcassets */ = {isa = PBXFileReference; lastKnownFileType = folder.assetcatalog; path = Assets.xcassets; sourceTree = "<group>"; };
		A2E25D352589322800015420 /* Preview Assets.xcassets */ = {isa = PBXFileReference; lastKnownFileType = folder.assetcatalog; path = "Preview Assets.xcassets"; sourceTree = "<group>"; };
		A2E25D372589322800015420 /* Info.plist */ = {isa = PBXFileReference; lastKnownFileType = text.plist.xml; path = Info.plist; sourceTree = "<group>"; };
		A2E25D3C2589322800015420 /* GiflyTests.xctest */ = {isa = PBXFileReference; explicitFileType = wrapper.cfbundle; includeInIndex = 0; path = GiflyTests.xctest; sourceTree = BUILT_PRODUCTS_DIR; };
		A2E25D402589322800015420 /* GiflyTests.swift */ = {isa = PBXFileReference; lastKnownFileType = sourcecode.swift; path = GiflyTests.swift; sourceTree = "<group>"; };
		A2E25D422589322800015420 /* Info.plist */ = {isa = PBXFileReference; lastKnownFileType = text.plist.xml; path = Info.plist; sourceTree = "<group>"; };
		A2E25D472589322800015420 /* GiflyUITests.xctest */ = {isa = PBXFileReference; explicitFileType = wrapper.cfbundle; includeInIndex = 0; path = GiflyUITests.xctest; sourceTree = BUILT_PRODUCTS_DIR; };
		A2E25D4B2589322800015420 /* GiflyUITests.swift */ = {isa = PBXFileReference; lastKnownFileType = sourcecode.swift; path = GiflyUITests.swift; sourceTree = "<group>"; };
		A2E25D4D2589322800015420 /* Info.plist */ = {isa = PBXFileReference; lastKnownFileType = text.plist.xml; path = Info.plist; sourceTree = "<group>"; };
		A2E25D782589ECB600015420 /* ModelData.swift */ = {isa = PBXFileReference; lastKnownFileType = sourcecode.swift; path = ModelData.swift; sourceTree = "<group>"; };
		A2E25EA2258A562600015420 /* Entrance.swift */ = {isa = PBXFileReference; lastKnownFileType = sourcecode.swift; path = Entrance.swift; sourceTree = "<group>"; };
		A2E25EC0258A87B800015420 /* PHPickerView.swift */ = {isa = PBXFileReference; fileEncoding = 4; lastKnownFileType = sourcecode.swift; path = PHPickerView.swift; sourceTree = "<group>"; };
		AF0661279649877CE8525702 /* Pods_GiflyTests.framework */ = {isa = PBXFileReference; explicitFileType = wrapper.framework; includeInIndex = 0; path = Pods_GiflyTests.framework; sourceTree = BUILT_PRODUCTS_DIR; };
		BF1AA0DBE11AD466FACBA257 /* Pods-GiflyTests.release.xcconfig */ = {isa = PBXFileReference; includeInIndex = 1; lastKnownFileType = text.xcconfig; name = "Pods-GiflyTests.release.xcconfig"; path = "Target Support Files/Pods-GiflyTests/Pods-GiflyTests.release.xcconfig"; sourceTree = "<group>"; };
		E449A6B5DB951747B4696482 /* Pods-Gifly.release.xcconfig */ = {isa = PBXFileReference; includeInIndex = 1; lastKnownFileType = text.xcconfig; name = "Pods-Gifly.release.xcconfig"; path = "Target Support Files/Pods-Gifly/Pods-Gifly.release.xcconfig"; sourceTree = "<group>"; };
/* End PBXFileReference section */

/* Begin PBXFrameworksBuildPhase section */
		A2E25D282589322600015420 /* Frameworks */ = {
			isa = PBXFrameworksBuildPhase;
			buildActionMask = 2147483647;
			files = (
				093B7A6275F9441D06EAE1D7 /* Pods_Gifly.framework in Frameworks */,
			);
			runOnlyForDeploymentPostprocessing = 0;
		};
		A2E25D392589322800015420 /* Frameworks */ = {
			isa = PBXFrameworksBuildPhase;
			buildActionMask = 2147483647;
			files = (
				248AD90B7D851544B28ECFA0 /* Pods_GiflyTests.framework in Frameworks */,
			);
			runOnlyForDeploymentPostprocessing = 0;
		};
		A2E25D442589322800015420 /* Frameworks */ = {
			isa = PBXFrameworksBuildPhase;
			buildActionMask = 2147483647;
			files = (
				099423335B5EDE110941019E /* Pods_Gifly_GiflyUITests.framework in Frameworks */,
			);
			runOnlyForDeploymentPostprocessing = 0;
		};
/* End PBXFrameworksBuildPhase section */

/* Begin PBXGroup section */
		0ED181FEA327D52BC4B20DF0 /* Pods */ = {
			isa = PBXGroup;
			children = (
				8C2BC8318B7CB3DABFC2DC63 /* Pods-Gifly.debug.xcconfig */,
				E449A6B5DB951747B4696482 /* Pods-Gifly.release.xcconfig */,
				89EC7E77168B5B677872E5DA /* Pods-Gifly-GiflyUITests.debug.xcconfig */,
				383B197F5C176AAF5F89CC87 /* Pods-Gifly-GiflyUITests.release.xcconfig */,
				568FC947485EC8557EF14D9B /* Pods-GiflyTests.debug.xcconfig */,
				BF1AA0DBE11AD466FACBA257 /* Pods-GiflyTests.release.xcconfig */,
			);
			path = Pods;
			sourceTree = "<group>";
		};
		3D7AD5CF61342C4927E25DE7 /* Frameworks */ = {
			isa = PBXGroup;
			children = (
				A2449E201A986C847AEBD921 /* Pods_Gifly.framework */,
				7DE22601A72122420546FB8A /* Pods_Gifly_GiflyUITests.framework */,
				AF0661279649877CE8525702 /* Pods_GiflyTests.framework */,
			);
			name = Frameworks;
			sourceTree = "<group>";
		};
		A2693609258B4A32002DECA2 /* Editor */ = {
			isa = PBXGroup;
			children = (
				A2693604258B39FF002DECA2 /* EditView.swift */,
				A2693615258B4B74002DECA2 /* NavigationTrailling.swift */,
				A2C7088D258CD7C200121A3D /* BtnFPS.swift */,
			);
			path = Editor;
			sourceTree = "<group>";
		};
		A2C7087E258C944E00121A3D /* Helpers */ = {
			isa = PBXGroup;
			children = (
				A2693625258B7A39002DECA2 /* ImageHelper.swift */,
				A2C7087F258C946200121A3D /* Constants.swift */,
				A2C70897258D061000121A3D /* VideoHelper.swift */,
				A2C708B2258E13C000121A3D /* LivephotoHelper.swift */,
				A2C708A8258E12F700121A3D /* GifHelper.swift */,
				A2C708AD258E139F00121A3D /* Helper.swift */,
				A2C708D6258E5CE300121A3D /* Handles.swift */,
			);
			path = Helpers;
			sourceTree = "<group>";
		};
		A2E25D222589322600015420 = {
			isa = PBXGroup;
			children = (
				A2E25D2D2589322600015420 /* Gifly */,
				A2E25D3F2589322800015420 /* GiflyTests */,
				A2E25D4A2589322800015420 /* GiflyUITests */,
				A2E25D2C2589322600015420 /* Products */,
				0ED181FEA327D52BC4B20DF0 /* Pods */,
				3D7AD5CF61342C4927E25DE7 /* Frameworks */,
			);
			sourceTree = "<group>";
		};
		A2E25D2C2589322600015420 /* Products */ = {
			isa = PBXGroup;
			children = (
				A2E25D2B2589322600015420 /* Gifly.app */,
				A2E25D3C2589322800015420 /* GiflyTests.xctest */,
				A2E25D472589322800015420 /* GiflyUITests.xctest */,
			);
			name = Products;
			sourceTree = "<group>";
		};
		A2E25D2D2589322600015420 /* Gifly */ = {
			isa = PBXGroup;
			children = (
				A2C7087E258C944E00121A3D /* Helpers */,
				A2E25D2E2589322600015420 /* GiflyApp.swift */,
				A2E25D7D2589EF1100015420 /* Views */,
				A2E25D812589EF1D00015420 /* Model */,
				A2E25D322589322800015420 /* Assets.xcassets */,
				A2E25D372589322800015420 /* Info.plist */,
				A2E25D342589322800015420 /* Preview Content */,
			);
			path = Gifly;
			sourceTree = "<group>";
		};
		A2E25D342589322800015420 /* Preview Content */ = {
			isa = PBXGroup;
			children = (
				A2E25D352589322800015420 /* Preview Assets.xcassets */,
			);
			path = "Preview Content";
			sourceTree = "<group>";
		};
		A2E25D3F2589322800015420 /* GiflyTests */ = {
			isa = PBXGroup;
			children = (
				A2E25D402589322800015420 /* GiflyTests.swift */,
				A2E25D422589322800015420 /* Info.plist */,
			);
			path = GiflyTests;
			sourceTree = "<group>";
		};
		A2E25D4A2589322800015420 /* GiflyUITests */ = {
			isa = PBXGroup;
			children = (
				A2E25D4B2589322800015420 /* GiflyUITests.swift */,
				A2E25D4D2589322800015420 /* Info.plist */,
			);
			path = GiflyUITests;
			sourceTree = "<group>";
		};
		A2E25D7D2589EF1100015420 /* Views */ = {
			isa = PBXGroup;
			children = (
				A2E25EB9258A71B800015420 /* Representables */,
				A2E25EA1258A55F900015420 /* Home */,
				A2693609258B4A32002DECA2 /* Editor */,
			);
			path = Views;
			sourceTree = "<group>";
		};
		A2E25D812589EF1D00015420 /* Model */ = {
			isa = PBXGroup;
			children = (
				A2E25D782589ECB600015420 /* ModelData.swift */,
				A2C70892258CE27B00121A3D /* Parameter.swift */,
				A2C708D0258E452B00121A3D /* Categories.swift */,
			);
			path = Model;
			sourceTree = "<group>";
		};
		A2E25EA1258A55F900015420 /* Home */ = {
			isa = PBXGroup;
			children = (
				A2E25EA2258A562600015420 /* Entrance.swift */,
				A2C708A3258DFD5A00121A3D /* BtnCategory.swift */,
			);
			path = Home;
			sourceTree = "<group>";
		};
		A2E25EB9258A71B800015420 /* Representables */ = {
			isa = PBXGroup;
			children = (
				A2E25EC0258A87B800015420 /* PHPickerView.swift */,
				A2A6C04D258B84E000DE1273 /* ImageAnimated.swift */,
			);
			path = Representables;
			sourceTree = "<group>";
		};
/* End PBXGroup section */

/* Begin PBXNativeTarget section */
		A2E25D2A2589322600015420 /* Gifly */ = {
			isa = PBXNativeTarget;
			buildConfigurationList = A2E25D502589322800015420 /* Build configuration list for PBXNativeTarget "Gifly" */;
			buildPhases = (
				47FA1F102C5F7C2FE66D53F9 /* [CP] Check Pods Manifest.lock */,
				A2E25D272589322600015420 /* Sources */,
				A2E25D282589322600015420 /* Frameworks */,
				A2E25D292589322600015420 /* Resources */,
				D14451641D347ADD8F8EEF92 /* [CP] Embed Pods Frameworks */,
			);
			buildRules = (
			);
			dependencies = (
			);
			name = Gifly;
			productName = GetGif;
			productReference = A2E25D2B2589322600015420 /* Gifly.app */;
			productType = "com.apple.product-type.application";
		};
		A2E25D3B2589322800015420 /* GiflyTests */ = {
			isa = PBXNativeTarget;
			buildConfigurationList = A2E25D532589322800015420 /* Build configuration list for PBXNativeTarget "GiflyTests" */;
			buildPhases = (
				8C5489E40DA437C197639584 /* [CP] Check Pods Manifest.lock */,
				A2E25D382589322800015420 /* Sources */,
				A2E25D392589322800015420 /* Frameworks */,
				A2E25D3A2589322800015420 /* Resources */,
			);
			buildRules = (
			);
			dependencies = (
				A2E25D3E2589322800015420 /* PBXTargetDependency */,
			);
			name = GiflyTests;
			productName = GetGifTests;
			productReference = A2E25D3C2589322800015420 /* GiflyTests.xctest */;
			productType = "com.apple.product-type.bundle.unit-test";
		};
		A2E25D462589322800015420 /* GiflyUITests */ = {
			isa = PBXNativeTarget;
			buildConfigurationList = A2E25D562589322800015420 /* Build configuration list for PBXNativeTarget "GiflyUITests" */;
			buildPhases = (
				4A5F180EAEF00F6EFDB7F2D5 /* [CP] Check Pods Manifest.lock */,
				A2E25D432589322800015420 /* Sources */,
				A2E25D442589322800015420 /* Frameworks */,
				A2E25D452589322800015420 /* Resources */,
				26502E389A51C546FCFE2C67 /* [CP] Embed Pods Frameworks */,
			);
			buildRules = (
			);
			dependencies = (
				A2E25D492589322800015420 /* PBXTargetDependency */,
			);
			name = GiflyUITests;
			productName = GetGifUITests;
			productReference = A2E25D472589322800015420 /* GiflyUITests.xctest */;
			productType = "com.apple.product-type.bundle.ui-testing";
		};
/* End PBXNativeTarget section */

/* Begin PBXProject section */
		A2E25D232589322600015420 /* Project object */ = {
			isa = PBXProject;
			attributes = {
				LastSwiftUpdateCheck = 1220;
				LastUpgradeCheck = 1220;
				TargetAttributes = {
					A2E25D2A2589322600015420 = {
						CreatedOnToolsVersion = 12.2;
					};
					A2E25D3B2589322800015420 = {
						CreatedOnToolsVersion = 12.2;
						TestTargetID = A2E25D2A2589322600015420;
					};
					A2E25D462589322800015420 = {
						CreatedOnToolsVersion = 12.2;
						TestTargetID = A2E25D2A2589322600015420;
					};
				};
			};
			buildConfigurationList = A2E25D262589322600015420 /* Build configuration list for PBXProject "Gifly" */;
			compatibilityVersion = "Xcode 9.3";
			developmentRegion = en;
			hasScannedForEncodings = 0;
			knownRegions = (
				en,
				Base,
			);
			mainGroup = A2E25D222589322600015420;
			productRefGroup = A2E25D2C2589322600015420 /* Products */;
			projectDirPath = "";
			projectRoot = "";
			targets = (
				A2E25D2A2589322600015420 /* Gifly */,
				A2E25D3B2589322800015420 /* GiflyTests */,
				A2E25D462589322800015420 /* GiflyUITests */,
			);
		};
/* End PBXProject section */

/* Begin PBXResourcesBuildPhase section */
		A2E25D292589322600015420 /* Resources */ = {
			isa = PBXResourcesBuildPhase;
			buildActionMask = 2147483647;
			files = (
				A2E25D362589322800015420 /* Preview Assets.xcassets in Resources */,
				A2E25D332589322800015420 /* Assets.xcassets in Resources */,
			);
			runOnlyForDeploymentPostprocessing = 0;
		};
		A2E25D3A2589322800015420 /* Resources */ = {
			isa = PBXResourcesBuildPhase;
			buildActionMask = 2147483647;
			files = (
			);
			runOnlyForDeploymentPostprocessing = 0;
		};
		A2E25D452589322800015420 /* Resources */ = {
			isa = PBXResourcesBuildPhase;
			buildActionMask = 2147483647;
			files = (
			);
			runOnlyForDeploymentPostprocessing = 0;
		};
/* End PBXResourcesBuildPhase section */

/* Begin PBXShellScriptBuildPhase section */
		26502E389A51C546FCFE2C67 /* [CP] Embed Pods Frameworks */ = {
			isa = PBXShellScriptBuildPhase;
			buildActionMask = 2147483647;
			files = (
			);
			inputFileListPaths = (
				"${PODS_ROOT}/Target Support Files/Pods-Gifly-GiflyUITests/Pods-Gifly-GiflyUITests-frameworks-${CONFIGURATION}-input-files.xcfilelist",
			);
			name = "[CP] Embed Pods Frameworks";
			outputFileListPaths = (
				"${PODS_ROOT}/Target Support Files/Pods-Gifly-GiflyUITests/Pods-Gifly-GiflyUITests-frameworks-${CONFIGURATION}-output-files.xcfilelist",
			);
			runOnlyForDeploymentPostprocessing = 0;
			shellPath = /bin/sh;
			shellScript = "\"${PODS_ROOT}/Target Support Files/Pods-Gifly-GiflyUITests/Pods-Gifly-GiflyUITests-frameworks.sh\"\n";
			showEnvVarsInLog = 0;
		};
		47FA1F102C5F7C2FE66D53F9 /* [CP] Check Pods Manifest.lock */ = {
			isa = PBXShellScriptBuildPhase;
			buildActionMask = 2147483647;
			files = (
			);
			inputFileListPaths = (
			);
			inputPaths = (
				"${PODS_PODFILE_DIR_PATH}/Podfile.lock",
				"${PODS_ROOT}/Manifest.lock",
			);
			name = "[CP] Check Pods Manifest.lock";
			outputFileListPaths = (
			);
			outputPaths = (
				"$(DERIVED_FILE_DIR)/Pods-Gifly-checkManifestLockResult.txt",
			);
			runOnlyForDeploymentPostprocessing = 0;
			shellPath = /bin/sh;
			shellScript = "diff \"${PODS_PODFILE_DIR_PATH}/Podfile.lock\" \"${PODS_ROOT}/Manifest.lock\" > /dev/null\nif [ $? != 0 ] ; then\n    # print error to STDERR\n    echo \"error: The sandbox is not in sync with the Podfile.lock. Run 'pod install' or update your CocoaPods installation.\" >&2\n    exit 1\nfi\n# This output is used by Xcode 'outputs' to avoid re-running this script phase.\necho \"SUCCESS\" > \"${SCRIPT_OUTPUT_FILE_0}\"\n";
			showEnvVarsInLog = 0;
		};
		4A5F180EAEF00F6EFDB7F2D5 /* [CP] Check Pods Manifest.lock */ = {
			isa = PBXShellScriptBuildPhase;
			buildActionMask = 2147483647;
			files = (
			);
			inputFileListPaths = (
			);
			inputPaths = (
				"${PODS_PODFILE_DIR_PATH}/Podfile.lock",
				"${PODS_ROOT}/Manifest.lock",
			);
			name = "[CP] Check Pods Manifest.lock";
			outputFileListPaths = (
			);
			outputPaths = (
				"$(DERIVED_FILE_DIR)/Pods-Gifly-GiflyUITests-checkManifestLockResult.txt",
			);
			runOnlyForDeploymentPostprocessing = 0;
			shellPath = /bin/sh;
			shellScript = "diff \"${PODS_PODFILE_DIR_PATH}/Podfile.lock\" \"${PODS_ROOT}/Manifest.lock\" > /dev/null\nif [ $? != 0 ] ; then\n    # print error to STDERR\n    echo \"error: The sandbox is not in sync with the Podfile.lock. Run 'pod install' or update your CocoaPods installation.\" >&2\n    exit 1\nfi\n# This output is used by Xcode 'outputs' to avoid re-running this script phase.\necho \"SUCCESS\" > \"${SCRIPT_OUTPUT_FILE_0}\"\n";
			showEnvVarsInLog = 0;
		};
		8C5489E40DA437C197639584 /* [CP] Check Pods Manifest.lock */ = {
			isa = PBXShellScriptBuildPhase;
			buildActionMask = 2147483647;
			files = (
			);
			inputFileListPaths = (
			);
			inputPaths = (
				"${PODS_PODFILE_DIR_PATH}/Podfile.lock",
				"${PODS_ROOT}/Manifest.lock",
			);
			name = "[CP] Check Pods Manifest.lock";
			outputFileListPaths = (
			);
			outputPaths = (
				"$(DERIVED_FILE_DIR)/Pods-GiflyTests-checkManifestLockResult.txt",
			);
			runOnlyForDeploymentPostprocessing = 0;
			shellPath = /bin/sh;
			shellScript = "diff \"${PODS_PODFILE_DIR_PATH}/Podfile.lock\" \"${PODS_ROOT}/Manifest.lock\" > /dev/null\nif [ $? != 0 ] ; then\n    # print error to STDERR\n    echo \"error: The sandbox is not in sync with the Podfile.lock. Run 'pod install' or update your CocoaPods installation.\" >&2\n    exit 1\nfi\n# This output is used by Xcode 'outputs' to avoid re-running this script phase.\necho \"SUCCESS\" > \"${SCRIPT_OUTPUT_FILE_0}\"\n";
			showEnvVarsInLog = 0;
		};
		D14451641D347ADD8F8EEF92 /* [CP] Embed Pods Frameworks */ = {
			isa = PBXShellScriptBuildPhase;
			buildActionMask = 2147483647;
			files = (
			);
			inputFileListPaths = (
				"${PODS_ROOT}/Target Support Files/Pods-Gifly/Pods-Gifly-frameworks-${CONFIGURATION}-input-files.xcfilelist",
			);
			name = "[CP] Embed Pods Frameworks";
			outputFileListPaths = (
				"${PODS_ROOT}/Target Support Files/Pods-Gifly/Pods-Gifly-frameworks-${CONFIGURATION}-output-files.xcfilelist",
			);
			runOnlyForDeploymentPostprocessing = 0;
			shellPath = /bin/sh;
			shellScript = "\"${PODS_ROOT}/Target Support Files/Pods-Gifly/Pods-Gifly-frameworks.sh\"\n";
			showEnvVarsInLog = 0;
		};
/* End PBXShellScriptBuildPhase section */

/* Begin PBXSourcesBuildPhase section */
		A2E25D272589322600015420 /* Sources */ = {
			isa = PBXSourcesBuildPhase;
			buildActionMask = 2147483647;
			files = (
				A2E25EC1258A87B800015420 /* PHPickerView.swift in Sources */,
				A2C708A9258E12F700121A3D /* GifHelper.swift in Sources */,
				A2C70898258D061000121A3D /* VideoHelper.swift in Sources */,
				A2C708A4258DFD5A00121A3D /* BtnCategory.swift in Sources */,
				A2C708D1258E452B00121A3D /* Categories.swift in Sources */,
				A2A6C04E258B84E000DE1273 /* ImageAnimated.swift in Sources */,
				A2C708AE258E139F00121A3D /* Helper.swift in Sources */,
				A2693626258B7A39002DECA2 /* ImageHelper.swift in Sources */,
				A2C708B3258E13C000121A3D /* LivephotoHelper.swift in Sources */,
				A2693605258B39FF002DECA2 /* EditView.swift in Sources */,
				A2C7088E258CD7C200121A3D /* BtnFPS.swift in Sources */,
				A2E25D2F2589322600015420 /* GiflyApp.swift in Sources */,
				A2E25EA3258A562600015420 /* Entrance.swift in Sources */,
				A2693616258B4B74002DECA2 /* NavigationTrailling.swift in Sources */,
				A2C70880258C946200121A3D /* Constants.swift in Sources */,
				A2C708D7258E5CE300121A3D /* Handles.swift in Sources */,
				A2E25D792589ECB600015420 /* ModelData.swift in Sources */,
				A2C70893258CE27B00121A3D /* Parameter.swift in Sources */,
			);
			runOnlyForDeploymentPostprocessing = 0;
		};
		A2E25D382589322800015420 /* Sources */ = {
			isa = PBXSourcesBuildPhase;
			buildActionMask = 2147483647;
			files = (
				A2E25D412589322800015420 /* GiflyTests.swift in Sources */,
			);
			runOnlyForDeploymentPostprocessing = 0;
		};
		A2E25D432589322800015420 /* Sources */ = {
			isa = PBXSourcesBuildPhase;
			buildActionMask = 2147483647;
			files = (
				A2E25D4C2589322800015420 /* GiflyUITests.swift in Sources */,
			);
			runOnlyForDeploymentPostprocessing = 0;
		};
/* End PBXSourcesBuildPhase section */

/* Begin PBXTargetDependency section */
		A2E25D3E2589322800015420 /* PBXTargetDependency */ = {
			isa = PBXTargetDependency;
			target = A2E25D2A2589322600015420 /* Gifly */;
			targetProxy = A2E25D3D2589322800015420 /* PBXContainerItemProxy */;
		};
		A2E25D492589322800015420 /* PBXTargetDependency */ = {
			isa = PBXTargetDependency;
			target = A2E25D2A2589322600015420 /* Gifly */;
			targetProxy = A2E25D482589322800015420 /* PBXContainerItemProxy */;
		};
/* End PBXTargetDependency section */

/* Begin XCBuildConfiguration section */
		A2E25D4E2589322800015420 /* Debug */ = {
			isa = XCBuildConfiguration;
			buildSettings = {
				ALWAYS_SEARCH_USER_PATHS = NO;
				CLANG_ANALYZER_NONNULL = YES;
				CLANG_ANALYZER_NUMBER_OBJECT_CONVERSION = YES_AGGRESSIVE;
				CLANG_CXX_LANGUAGE_STANDARD = "gnu++14";
				CLANG_CXX_LIBRARY = "libc++";
				CLANG_ENABLE_MODULES = YES;
				CLANG_ENABLE_OBJC_ARC = YES;
				CLANG_ENABLE_OBJC_WEAK = YES;
				CLANG_WARN_BLOCK_CAPTURE_AUTORELEASING = YES;
				CLANG_WARN_BOOL_CONVERSION = YES;
				CLANG_WARN_COMMA = YES;
				CLANG_WARN_CONSTANT_CONVERSION = YES;
				CLANG_WARN_DEPRECATED_OBJC_IMPLEMENTATIONS = YES;
				CLANG_WARN_DIRECT_OBJC_ISA_USAGE = YES_ERROR;
				CLANG_WARN_DOCUMENTATION_COMMENTS = YES;
				CLANG_WARN_EMPTY_BODY = YES;
				CLANG_WARN_ENUM_CONVERSION = YES;
				CLANG_WARN_INFINITE_RECURSION = YES;
				CLANG_WARN_INT_CONVERSION = YES;
				CLANG_WARN_NON_LITERAL_NULL_CONVERSION = YES;
				CLANG_WARN_OBJC_IMPLICIT_RETAIN_SELF = YES;
				CLANG_WARN_OBJC_LITERAL_CONVERSION = YES;
				CLANG_WARN_OBJC_ROOT_CLASS = YES_ERROR;
				CLANG_WARN_QUOTED_INCLUDE_IN_FRAMEWORK_HEADER = YES;
				CLANG_WARN_RANGE_LOOP_ANALYSIS = YES;
				CLANG_WARN_STRICT_PROTOTYPES = YES;
				CLANG_WARN_SUSPICIOUS_MOVE = YES;
				CLANG_WARN_UNGUARDED_AVAILABILITY = YES_AGGRESSIVE;
				CLANG_WARN_UNREACHABLE_CODE = YES;
				CLANG_WARN__DUPLICATE_METHOD_MATCH = YES;
				COPY_PHASE_STRIP = NO;
				DEBUG_INFORMATION_FORMAT = dwarf;
				ENABLE_STRICT_OBJC_MSGSEND = YES;
				ENABLE_TESTABILITY = YES;
				GCC_C_LANGUAGE_STANDARD = gnu11;
				GCC_DYNAMIC_NO_PIC = NO;
				GCC_NO_COMMON_BLOCKS = YES;
				GCC_OPTIMIZATION_LEVEL = 0;
				GCC_PREPROCESSOR_DEFINITIONS = (
					"DEBUG=1",
					"$(inherited)",
				);
				GCC_WARN_64_TO_32_BIT_CONVERSION = YES;
				GCC_WARN_ABOUT_RETURN_TYPE = YES_ERROR;
				GCC_WARN_UNDECLARED_SELECTOR = YES;
				GCC_WARN_UNINITIALIZED_AUTOS = YES_AGGRESSIVE;
				GCC_WARN_UNUSED_FUNCTION = YES;
				GCC_WARN_UNUSED_VARIABLE = YES;
				IPHONEOS_DEPLOYMENT_TARGET = 14.2;
				MTL_ENABLE_DEBUG_INFO = INCLUDE_SOURCE;
				MTL_FAST_MATH = YES;
				ONLY_ACTIVE_ARCH = YES;
				SDKROOT = iphoneos;
				SWIFT_ACTIVE_COMPILATION_CONDITIONS = DEBUG;
				SWIFT_OPTIMIZATION_LEVEL = "-Onone";
			};
			name = Debug;
		};
		A2E25D4F2589322800015420 /* Release */ = {
			isa = XCBuildConfiguration;
			buildSettings = {
				ALWAYS_SEARCH_USER_PATHS = NO;
				CLANG_ANALYZER_NONNULL = YES;
				CLANG_ANALYZER_NUMBER_OBJECT_CONVERSION = YES_AGGRESSIVE;
				CLANG_CXX_LANGUAGE_STANDARD = "gnu++14";
				CLANG_CXX_LIBRARY = "libc++";
				CLANG_ENABLE_MODULES = YES;
				CLANG_ENABLE_OBJC_ARC = YES;
				CLANG_ENABLE_OBJC_WEAK = YES;
				CLANG_WARN_BLOCK_CAPTURE_AUTORELEASING = YES;
				CLANG_WARN_BOOL_CONVERSION = YES;
				CLANG_WARN_COMMA = YES;
				CLANG_WARN_CONSTANT_CONVERSION = YES;
				CLANG_WARN_DEPRECATED_OBJC_IMPLEMENTATIONS = YES;
				CLANG_WARN_DIRECT_OBJC_ISA_USAGE = YES_ERROR;
				CLANG_WARN_DOCUMENTATION_COMMENTS = YES;
				CLANG_WARN_EMPTY_BODY = YES;
				CLANG_WARN_ENUM_CONVERSION = YES;
				CLANG_WARN_INFINITE_RECURSION = YES;
				CLANG_WARN_INT_CONVERSION = YES;
				CLANG_WARN_NON_LITERAL_NULL_CONVERSION = YES;
				CLANG_WARN_OBJC_IMPLICIT_RETAIN_SELF = YES;
				CLANG_WARN_OBJC_LITERAL_CONVERSION = YES;
				CLANG_WARN_OBJC_ROOT_CLASS = YES_ERROR;
				CLANG_WARN_QUOTED_INCLUDE_IN_FRAMEWORK_HEADER = YES;
				CLANG_WARN_RANGE_LOOP_ANALYSIS = YES;
				CLANG_WARN_STRICT_PROTOTYPES = YES;
				CLANG_WARN_SUSPICIOUS_MOVE = YES;
				CLANG_WARN_UNGUARDED_AVAILABILITY = YES_AGGRESSIVE;
				CLANG_WARN_UNREACHABLE_CODE = YES;
				CLANG_WARN__DUPLICATE_METHOD_MATCH = YES;
				COPY_PHASE_STRIP = NO;
				DEBUG_INFORMATION_FORMAT = "dwarf-with-dsym";
				ENABLE_NS_ASSERTIONS = NO;
				ENABLE_STRICT_OBJC_MSGSEND = YES;
				GCC_C_LANGUAGE_STANDARD = gnu11;
				GCC_NO_COMMON_BLOCKS = YES;
				GCC_WARN_64_TO_32_BIT_CONVERSION = YES;
				GCC_WARN_ABOUT_RETURN_TYPE = YES_ERROR;
				GCC_WARN_UNDECLARED_SELECTOR = YES;
				GCC_WARN_UNINITIALIZED_AUTOS = YES_AGGRESSIVE;
				GCC_WARN_UNUSED_FUNCTION = YES;
				GCC_WARN_UNUSED_VARIABLE = YES;
				IPHONEOS_DEPLOYMENT_TARGET = 14.2;
				MTL_ENABLE_DEBUG_INFO = NO;
				MTL_FAST_MATH = YES;
				SDKROOT = iphoneos;
				SWIFT_COMPILATION_MODE = wholemodule;
				SWIFT_OPTIMIZATION_LEVEL = "-O";
				VALIDATE_PRODUCT = YES;
			};
			name = Release;
		};
		A2E25D512589322800015420 /* Debug */ = {
			isa = XCBuildConfiguration;
			baseConfigurationReference = 8C2BC8318B7CB3DABFC2DC63 /* Pods-Gifly.debug.xcconfig */;
			buildSettings = {
				ASSETCATALOG_COMPILER_APPICON_NAME = AppIcon;
				ASSETCATALOG_COMPILER_GLOBAL_ACCENT_COLOR_NAME = AccentColor;
				CODE_SIGN_STYLE = Automatic;
				DEVELOPMENT_ASSET_PATHS = "\"Gifly/Preview Content\"";
				DEVELOPMENT_TEAM = KJN432829E;
				ENABLE_PREVIEWS = YES;
				INFOPLIST_FILE = Gifly/Info.plist;
				IPHONEOS_DEPLOYMENT_TARGET = 14.0;
				LD_RUNPATH_SEARCH_PATHS = (
					"$(inherited)",
					"@executable_path/Frameworks",
				);
				PRODUCT_BUNDLE_IDENTIFIER = sugae.Gifly;
				PRODUCT_NAME = "$(TARGET_NAME)";
				SWIFT_VERSION = 5.0;
				TARGETED_DEVICE_FAMILY = "1,2";
			};
			name = Debug;
		};
		A2E25D522589322800015420 /* Release */ = {
			isa = XCBuildConfiguration;
			baseConfigurationReference = E449A6B5DB951747B4696482 /* Pods-Gifly.release.xcconfig */;
			buildSettings = {
				ASSETCATALOG_COMPILER_APPICON_NAME = AppIcon;
				ASSETCATALOG_COMPILER_GLOBAL_ACCENT_COLOR_NAME = AccentColor;
				CODE_SIGN_STYLE = Automatic;
				DEVELOPMENT_ASSET_PATHS = "\"Gifly/Preview Content\"";
				DEVELOPMENT_TEAM = KJN432829E;
				ENABLE_PREVIEWS = YES;
				INFOPLIST_FILE = Gifly/Info.plist;
				IPHONEOS_DEPLOYMENT_TARGET = 14.0;
				LD_RUNPATH_SEARCH_PATHS = (
					"$(inherited)",
					"@executable_path/Frameworks",
				);
				PRODUCT_BUNDLE_IDENTIFIER = sugae.Gifly;
				PRODUCT_NAME = "$(TARGET_NAME)";
				SWIFT_VERSION = 5.0;
				TARGETED_DEVICE_FAMILY = "1,2";
			};
			name = Release;
		};
		A2E25D542589322800015420 /* Debug */ = {
			isa = XCBuildConfiguration;
			baseConfigurationReference = 568FC947485EC8557EF14D9B /* Pods-GiflyTests.debug.xcconfig */;
			buildSettings = {
				ALWAYS_EMBED_SWIFT_STANDARD_LIBRARIES = YES;
				BUNDLE_LOADER = "$(TEST_HOST)";
				CODE_SIGN_STYLE = Automatic;
				DEVELOPMENT_TEAM = KJN432829E;
				INFOPLIST_FILE = GiflyTests/Info.plist;
				IPHONEOS_DEPLOYMENT_TARGET = 14.0;
				LD_RUNPATH_SEARCH_PATHS = (
					"$(inherited)",
					"@executable_path/Frameworks",
					"@loader_path/Frameworks",
				);
				PRODUCT_BUNDLE_IDENTIFIER = sugae.GiflyTests;
				PRODUCT_NAME = "$(TARGET_NAME)";
				SWIFT_VERSION = 5.0;
				TARGETED_DEVICE_FAMILY = "1,2";
				TEST_HOST = "$(BUILT_PRODUCTS_DIR)/Gifly.app/Gifly";
			};
			name = Debug;
		};
		A2E25D552589322800015420 /* Release */ = {
			isa = XCBuildConfiguration;
			baseConfigurationReference = BF1AA0DBE11AD466FACBA257 /* Pods-GiflyTests.release.xcconfig */;
			buildSettings = {
				ALWAYS_EMBED_SWIFT_STANDARD_LIBRARIES = YES;
				BUNDLE_LOADER = "$(TEST_HOST)";
				CODE_SIGN_STYLE = Automatic;
				DEVELOPMENT_TEAM = KJN432829E;
				INFOPLIST_FILE = GiflyTests/Info.plist;
				IPHONEOS_DEPLOYMENT_TARGET = 14.0;
				LD_RUNPATH_SEARCH_PATHS = (
					"$(inherited)",
					"@executable_path/Frameworks",
					"@loader_path/Frameworks",
				);
				PRODUCT_BUNDLE_IDENTIFIER = sugae.GiflyTests;
				PRODUCT_NAME = "$(TARGET_NAME)";
				SWIFT_VERSION = 5.0;
				TARGETED_DEVICE_FAMILY = "1,2";
				TEST_HOST = "$(BUILT_PRODUCTS_DIR)/Gifly.app/Gifly";
			};
			name = Release;
		};
		A2E25D572589322800015420 /* Debug */ = {
			isa = XCBuildConfiguration;
			baseConfigurationReference = 89EC7E77168B5B677872E5DA /* Pods-Gifly-GiflyUITests.debug.xcconfig */;
			buildSettings = {
				ALWAYS_EMBED_SWIFT_STANDARD_LIBRARIES = YES;
				CODE_SIGN_STYLE = Automatic;
				DEVELOPMENT_TEAM = KJN432829E;
				INFOPLIST_FILE = GiflyUITests/Info.plist;
				LD_RUNPATH_SEARCH_PATHS = (
					"$(inherited)",
					"@executable_path/Frameworks",
					"@loader_path/Frameworks",
				);
				PRODUCT_BUNDLE_IDENTIFIER = sugae.GiflyUITests;
				PRODUCT_NAME = "$(TARGET_NAME)";
				SWIFT_VERSION = 5.0;
				TARGETED_DEVICE_FAMILY = "1,2";
				TEST_TARGET_NAME = Gifly;
			};
			name = Debug;
		};
		A2E25D582589322800015420 /* Release */ = {
			isa = XCBuildConfiguration;
			baseConfigurationReference = 383B197F5C176AAF5F89CC87 /* Pods-Gifly-GiflyUITests.release.xcconfig */;
			buildSettings = {
				ALWAYS_EMBED_SWIFT_STANDARD_LIBRARIES = YES;
				CODE_SIGN_STYLE = Automatic;
				DEVELOPMENT_TEAM = KJN432829E;
				INFOPLIST_FILE = GiflyUITests/Info.plist;
				LD_RUNPATH_SEARCH_PATHS = (
					"$(inherited)",
					"@executable_path/Frameworks",
					"@loader_path/Frameworks",
				);
				PRODUCT_BUNDLE_IDENTIFIER = sugae.GiflyUITests;
				PRODUCT_NAME = "$(TARGET_NAME)";
				SWIFT_VERSION = 5.0;
				TARGETED_DEVICE_FAMILY = "1,2";
				TEST_TARGET_NAME = Gifly;
			};
			name = Release;
		};
/* End XCBuildConfiguration section */

/* Begin XCConfigurationList section */
		A2E25D262589322600015420 /* Build configuration list for PBXProject "Gifly" */ = {
			isa = XCConfigurationList;
			buildConfigurations = (
				A2E25D4E2589322800015420 /* Debug */,
				A2E25D4F2589322800015420 /* Release */,
			);
			defaultConfigurationIsVisible = 0;
			defaultConfigurationName = Release;
		};
		A2E25D502589322800015420 /* Build configuration list for PBXNativeTarget "Gifly" */ = {
			isa = XCConfigurationList;
			buildConfigurations = (
				A2E25D512589322800015420 /* Debug */,
				A2E25D522589322800015420 /* Release */,
			);
			defaultConfigurationIsVisible = 0;
			defaultConfigurationName = Release;
		};
		A2E25D532589322800015420 /* Build configuration list for PBXNativeTarget "GiflyTests" */ = {
			isa = XCConfigurationList;
			buildConfigurations = (
				A2E25D542589322800015420 /* Debug */,
				A2E25D552589322800015420 /* Release */,
			);
			defaultConfigurationIsVisible = 0;
			defaultConfigurationName = Release;
		};
		A2E25D562589322800015420 /* Build configuration list for PBXNativeTarget "GiflyUITests" */ = {
			isa = XCConfigurationList;
			buildConfigurations = (
				A2E25D572589322800015420 /* Debug */,
				A2E25D582589322800015420 /* Release */,
			);
			defaultConfigurationIsVisible = 0;
			defaultConfigurationName = Release;
		};
/* End XCConfigurationList section */
	};
	rootObject = A2E25D232589322600015420 /* Project object */;
}
